
Microsoft Visual Studio Solution File, Format Version 12.00
# Visual Studio Version 16
VisualStudioVersion = 16.0.30907.101
MinimumVisualStudioVersion = 10.0.40219.1
Project("{FAE04EC0-301F-11D3-BF4B-00C04F79EFBC}") = "Workplaces", "Workplaces\Workplaces.csproj", "{D2603882-E0DF-4D44-A7EE-61540DA3DE4D}"
EndProject
Global
	GlobalSection(SolutionConfigurationPlatforms) = preSolution
		Debug|Any CPU = Debug|Any CPU
		Release|Any CPU = Release|Any CPU
	EndGlobalSection
	GlobalSection(ProjectConfigurationPlatforms) = postSolution
		{D2603882-E0DF-4D44-A7EE-61540DA3DE4D}.Debug|Any CPU.ActiveCfg = Debug|Any CPU
		{D2603882-E0DF-4D44-A7EE-61540DA3DE4D}.Debug|Any CPU.Build.0 = Debug|Any CPU
		{D2603882-E0DF-4D44-A7EE-61540DA3DE4D}.Release|Any CPU.ActiveCfg = Release|Any CPU
		{D2603882-E0DF-4D44-A7EE-61540DA3DE4D}.Release|Any CPU.Build.0 = Release|Any CPU
	EndGlobalSection
	GlobalSection(SolutionProperties) = preSolution
		HideSolutionNode = FALSE
	EndGlobalSection
	GlobalSection(ExtensibilityGlobals) = postSolution
		SolutionGuid = {19FEA890-C5F6-4580-A636-D4A0415EE93F}
	EndGlobalSection
EndGlobal
